
Microsoft Visual Studio Solution File, Format Version 12.00
# Visual Studio Version 17
VisualStudioVersion = 17.4.33213.308
MinimumVisualStudioVersion = 10.0.40219.1
Project("{9A19103F-16F7-4668-BE54-9A1E7A4F7556}") = "ArcPyNet", "ArcPyNet\ArcPyNet.csproj", "{A719FB09-3D91-4C0F-B706-99152EC015E2}"
EndProject
Project("{9A19103F-16F7-4668-BE54-9A1E7A4F7556}") = "Glidergun", "Glidergun\Glidergun.csproj", "{ED4071AE-825C-4087-92F0-F43F0C2E23A9}"
EndProject
Project("{9A19103F-16F7-4668-BE54-9A1E7A4F7556}") = "TestApp", "TestApp\TestApp.csproj", "{520FA769-A476-48DF-AA55-DDC1F2D8D13C}"
EndProject
Project("{FAE04EC0-301F-11D3-BF4B-00C04F79EFBC}") = "TestProject", "TestProject\TestProject.csproj", "{F02CB384-1326-4187-BFFC-6FCFAF384576}"
EndProject
Global
	GlobalSection(SolutionConfigurationPlatforms) = preSolution
		Debug|Any CPU = Debug|Any CPU
		Release|Any CPU = Release|Any CPU
	EndGlobalSection
	GlobalSection(ProjectConfigurationPlatforms) = postSolution
		{A719FB09-3D91-4C0F-B706-99152EC015E2}.Debug|Any CPU.ActiveCfg = Debug|Any CPU
		{A719FB09-3D91-4C0F-B706-99152EC015E2}.Debug|Any CPU.Build.0 = Debug|Any CPU
		{A719FB09-3D91-4C0F-B706-99152EC015E2}.Release|Any CPU.ActiveCfg = Release|Any CPU
		{A719FB09-3D91-4C0F-B706-99152EC015E2}.Release|Any CPU.Build.0 = Release|Any CPU
		{ED4071AE-825C-4087-92F0-F43F0C2E23A9}.Debug|Any CPU.ActiveCfg = Debug|Any CPU
		{ED4071AE-825C-4087-92F0-F43F0C2E23A9}.Debug|Any CPU.Build.0 = Debug|Any CPU
		{ED4071AE-825C-4087-92F0-F43F0C2E23A9}.Release|Any CPU.ActiveCfg = Release|Any CPU
		{ED4071AE-825C-4087-92F0-F43F0C2E23A9}.Release|Any CPU.Build.0 = Release|Any CPU
		{520FA769-A476-48DF-AA55-DDC1F2D8D13C}.Debug|Any CPU.ActiveCfg = Debug|Any CPU
		{520FA769-A476-48DF-AA55-DDC1F2D8D13C}.Debug|Any CPU.Build.0 = Debug|Any CPU
		{520FA769-A476-48DF-AA55-DDC1F2D8D13C}.Release|Any CPU.ActiveCfg = Release|Any CPU
		{520FA769-A476-48DF-AA55-DDC1F2D8D13C}.Release|Any CPU.Build.0 = Release|Any CPU
		{F02CB384-1326-4187-BFFC-6FCFAF384576}.Debug|Any CPU.ActiveCfg = Debug|Any CPU
		{F02CB384-1326-4187-BFFC-6FCFAF384576}.Debug|Any CPU.Build.0 = Debug|Any CPU
		{F02CB384-1326-4187-BFFC-6FCFAF384576}.Release|Any CPU.ActiveCfg = Release|Any CPU
		{F02CB384-1326-4187-BFFC-6FCFAF384576}.Release|Any CPU.Build.0 = Release|Any CPU
	EndGlobalSection
	GlobalSection(SolutionProperties) = preSolution
		HideSolutionNode = FALSE
	EndGlobalSection
	GlobalSection(ExtensibilityGlobals) = postSolution
		SolutionGuid = {C35E6DBE-B26B-4327-BA9E-1B3B13FDB1A9}
	EndGlobalSection
EndGlobal
